{
  "object": {
    "pins": [
      {
        "package": "RealmDatabase",
        "repositoryURL": "https://github.com/realm/realm-core.git",
        "state": {
          "branch": null,
          "revision": "15493076ad9fef22c16cc64cbfbf9e5b65c385f9",
          "version": "20.1.0"
        }
      },
      {
        "package": "Realm",
        "repositoryURL": "https://github.com/realm/realm-swift.git",
        "state": {
          "branch": null,
          "revision": "f8d74e90eafa2ac0e760bc674b49f40b593b1483",
          "version": "20.0.2"
        }
      },
      {
        "package": "RxSwift",
        "repositoryURL": "https://github.com/ReactiveX/RxSwift.git",
        "state": {
          "branch": null,
          "revision": "b06a8c8596e4c3e8e7788e08e720e3248563ce6a",
          "version": "6.7.1"
        }
      }
    ]
  },
  "version": 1
}
